
Microsoft Visual Studio Solution File, Format Version 12.00
# Visual Studio Version 17
VisualStudioVersion = 17.9.34728.123
MinimumVisualStudioVersion = 10.0.40219.1
Project("{FAE04EC0-301F-11D3-BF4B-00C04F79EFBC}") = "Holloman_Inventory", "Holloman_Inventory\Holloman_Inventory.csproj", "{41DF8A50-3782-4A79-B2FC-3FE044391EF2}"
EndProject
Global
	GlobalSection(SolutionConfigurationPlatforms) = preSolution
		Debug|Any CPU = Debug|Any CPU
		Release|Any CPU = Release|Any CPU
	EndGlobalSection
	GlobalSection(ProjectConfigurationPlatforms) = postSolution
		{41DF8A50-3782-4A79-B2FC-3FE044391EF2}.Debug|Any CPU.ActiveCfg = Debug|Any CPU
		{41DF8A50-3782-4A79-B2FC-3FE044391EF2}.Debug|Any CPU.Build.0 = Debug|Any CPU
		{41DF8A50-3782-4A79-B2FC-3FE044391EF2}.Release|Any CPU.ActiveCfg = Release|Any CPU
		{41DF8A50-3782-4A79-B2FC-3FE044391EF2}.Release|Any CPU.Build.0 = Release|Any CPU
	EndGlobalSection
	GlobalSection(SolutionProperties) = preSolution
		HideSolutionNode = FALSE
	EndGlobalSection
	GlobalSection(ExtensibilityGlobals) = postSolution
		SolutionGuid = {74142D1C-ABAE-4A4A-80EB-BBB08E78C8E0}
	EndGlobalSection
EndGlobal
